
Microsoft Visual Studio Solution File, Format Version 12.00
# Visual Studio 15
VisualStudioVersion = 15.0.28010.2003
MinimumVisualStudioVersion = 10.0.40219.1
Project("{F184B08F-C81C-45F6-A57F-5ABD9991F28F}") = "CameraSelect", "CameraSelect\CameraSelect.vbproj", "{0535477A-9B1B-426B-802A-0974BA67CDE2}"
EndProject
Global
	GlobalSection(SolutionConfigurationPlatforms) = preSolution
		Debug|Any CPU = Debug|Any CPU
		Debug|x86 = Debug|x86
		Release|Any CPU = Release|Any CPU
		Release|x86 = Release|x86
	EndGlobalSection
	GlobalSection(ProjectConfigurationPlatforms) = postSolution
		{0535477A-9B1B-426B-802A-0974BA67CDE2}.Debug|Any CPU.ActiveCfg = Debug|Any CPU
		{0535477A-9B1B-426B-802A-0974BA67CDE2}.Debug|Any CPU.Build.0 = Debug|Any CPU
		{0535477A-9B1B-426B-802A-0974BA67CDE2}.Debug|x86.ActiveCfg = Debug|x86
		{0535477A-9B1B-426B-802A-0974BA67CDE2}.Debug|x86.Build.0 = Debug|x86
		{0535477A-9B1B-426B-802A-0974BA67CDE2}.Release|Any CPU.ActiveCfg = Release|Any CPU
		{0535477A-9B1B-426B-802A-0974BA67CDE2}.Release|Any CPU.Build.0 = Release|Any CPU
		{0535477A-9B1B-426B-802A-0974BA67CDE2}.Release|x86.ActiveCfg = Release|x86
		{0535477A-9B1B-426B-802A-0974BA67CDE2}.Release|x86.Build.0 = Release|x86
	EndGlobalSection
	GlobalSection(SolutionProperties) = preSolution
		HideSolutionNode = FALSE
	EndGlobalSection
	GlobalSection(ExtensibilityGlobals) = postSolution
		SolutionGuid = {2DA61714-4BB9-4D00-8584-EAD2D19CB428}
	EndGlobalSection
EndGlobal
